<?xml version="1.0" encoding="UTF-8"?>
<CodeBlocks_project_file>
	<FileVersion major="1" minor="6"/>
	<Project>
		<Option title="MAC"/>
		<Option makefile_is_custom="1"/>
		<Option compiler="gcc"/>
		<Option virtualFolders="CMake Files\;"/>
		<Build>
			<Target title="all">
				<Option working_dir="/home/swh/桌面/MyProgram/MatchingAlgorithmsComparison"/>
				<Option type="4"/>
				<MakeCommands>
					<Build command="/usr/bin/make -f &quot;/home/swh/桌面/MyProgram/MatchingAlgorithmsComparison/Makefile&quot;  VERBOSE=1 all"/>
					<CompileFile command="/usr/bin/make -f &quot;/home/swh/桌面/MyProgram/MatchingAlgorithmsComparison/Makefile&quot;  VERBOSE=1 &quot;$file&quot;"/>
					<Clean command="/usr/bin/make -f &quot;/home/swh/桌面/MyProgram/MatchingAlgorithmsComparison/Makefile&quot;  VERBOSE=1 clean"/>
					<DistClean command="/usr/bin/make -f &quot;/home/swh/桌面/MyProgram/MatchingAlgorithmsComparison/Makefile&quot;  VERBOSE=1 clean"/>
				</MakeCommands>
			</Target>
			<Target title="rebuild_cache">
				<Option working_dir="/home/swh/桌面/MyProgram/MatchingAlgorithmsComparison"/>
				<Option type="4"/>
				<MakeCommands>
					<Build command="/usr/bin/make -f &quot;/home/swh/桌面/MyProgram/MatchingAlgorithmsComparison/Makefile&quot;  VERBOSE=1 rebuild_cache"/>
					<CompileFile command="/usr/bin/make -f &quot;/home/swh/桌面/MyProgram/MatchingAlgorithmsComparison/Makefile&quot;  VERBOSE=1 &quot;$file&quot;"/>
					<Clean command="/usr/bin/make -f &quot;/home/swh/桌面/MyProgram/MatchingAlgorithmsComparison/Makefile&quot;  VERBOSE=1 clean"/>
					<DistClean command="/usr/bin/make -f &quot;/home/swh/桌面/MyProgram/MatchingAlgorithmsComparison/Makefile&quot;  VERBOSE=1 clean"/>
				</MakeCommands>
			</Target>
			<Target title="edit_cache">
				<Option working_dir="/home/swh/桌面/MyProgram/MatchingAlgorithmsComparison"/>
				<Option type="4"/>
				<MakeCommands>
					<Build command="/usr/bin/make -f &quot;/home/swh/桌面/MyProgram/MatchingAlgorithmsComparison/Makefile&quot;  VERBOSE=1 edit_cache"/>
					<CompileFile command="/usr/bin/make -f &quot;/home/swh/桌面/MyProgram/MatchingAlgorithmsComparison/Makefile&quot;  VERBOSE=1 &quot;$file&quot;"/>
					<Clean command="/usr/bin/make -f &quot;/home/swh/桌面/MyProgram/MatchingAlgorithmsComparison/Makefile&quot;  VERBOSE=1 clean"/>
					<DistClean command="/usr/bin/make -f &quot;/home/swh/桌面/MyProgram/MatchingAlgorithmsComparison/Makefile&quot;  VERBOSE=1 clean"/>
				</MakeCommands>
			</Target>
			<Target title="run">
				<Option output="/home/swh/桌面/MyProgram/MatchingAlgorithmsComparison/run" prefix_auto="0" extension_auto="0"/>
				<Option working_dir="/home/swh/桌面/MyProgram/MatchingAlgorithmsComparison"/>
				<Option object_output="./"/>
				<Option type="1"/>
				<Option compiler="gcc"/>
				<Compiler/>
				<MakeCommands>
					<Build command="/usr/bin/make -f &quot;/home/swh/桌面/MyProgram/MatchingAlgorithmsComparison/Makefile&quot;  VERBOSE=1 run"/>
					<CompileFile command="/usr/bin/make -f &quot;/home/swh/桌面/MyProgram/MatchingAlgorithmsComparison/Makefile&quot;  VERBOSE=1 &quot;$file&quot;"/>
					<Clean command="/usr/bin/make -f &quot;/home/swh/桌面/MyProgram/MatchingAlgorithmsComparison/Makefile&quot;  VERBOSE=1 clean"/>
					<DistClean command="/usr/bin/make -f &quot;/home/swh/桌面/MyProgram/MatchingAlgorithmsComparison/Makefile&quot;  VERBOSE=1 clean"/>
				</MakeCommands>
			</Target>
			<Target title="run/fast">
				<Option output="/home/swh/桌面/MyProgram/MatchingAlgorithmsComparison/run" prefix_auto="0" extension_auto="0"/>
				<Option working_dir="/home/swh/桌面/MyProgram/MatchingAlgorithmsComparison"/>
				<Option object_output="./"/>
				<Option type="1"/>
				<Option compiler="gcc"/>
				<Compiler/>
				<MakeCommands>
					<Build command="/usr/bin/make -f &quot;/home/swh/桌面/MyProgram/MatchingAlgorithmsComparison/Makefile&quot;  VERBOSE=1 run/fast"/>
					<CompileFile command="/usr/bin/make -f &quot;/home/swh/桌面/MyProgram/MatchingAlgorithmsComparison/Makefile&quot;  VERBOSE=1 &quot;$file&quot;"/>
					<Clean command="/usr/bin/make -f &quot;/home/swh/桌面/MyProgram/MatchingAlgorithmsComparison/Makefile&quot;  VERBOSE=1 clean"/>
					<DistClean command="/usr/bin/make -f &quot;/home/swh/桌面/MyProgram/MatchingAlgorithmsComparison/Makefile&quot;  VERBOSE=1 clean"/>
				</MakeCommands>
			</Target>
		</Build>
		<Unit filename="/home/swh/桌面/MyProgram/MatchingAlgorithmsComparison/AWBTree.cpp">
			<Option target="run"/>
		</Unit>
		<Unit filename="/home/swh/桌面/MyProgram/MatchingAlgorithmsComparison/AWBTree.h">
			<Option target="run"/>
		</Unit>
		<Unit filename="/home/swh/桌面/MyProgram/MatchingAlgorithmsComparison/AdaRein.cpp">
			<Option target="run"/>
		</Unit>
		<Unit filename="/home/swh/桌面/MyProgram/MatchingAlgorithmsComparison/AdaRein.h">
			<Option target="run"/>
		</Unit>
		<Unit filename="/home/swh/桌面/MyProgram/MatchingAlgorithmsComparison/BGTree.cpp">
			<Option target="run"/>
		</Unit>
		<Unit filename="/home/swh/桌面/MyProgram/MatchingAlgorithmsComparison/BGTree.h">
			<Option target="run"/>
		</Unit>
		<Unit filename="/home/swh/桌面/MyProgram/MatchingAlgorithmsComparison/BGTree1.cpp">
			<Option target="run"/>
		</Unit>
		<Unit filename="/home/swh/桌面/MyProgram/MatchingAlgorithmsComparison/BGTree1.h">
			<Option target="run"/>
		</Unit>
		<Unit filename="/home/swh/桌面/MyProgram/MatchingAlgorithmsComparison/HEM.cpp">
			<Option target="run"/>
		</Unit>
		<Unit filename="/home/swh/桌面/MyProgram/MatchingAlgorithmsComparison/HEM.h">
			<Option target="run"/>
		</Unit>
		<Unit filename="/home/swh/桌面/MyProgram/MatchingAlgorithmsComparison/HEM1.cpp">
			<Option target="run"/>
		</Unit>
		<Unit filename="/home/swh/桌面/MyProgram/MatchingAlgorithmsComparison/HEM1.h">
			<Option target="run"/>
		</Unit>
		<Unit filename="/home/swh/桌面/MyProgram/MatchingAlgorithmsComparison/HEM2.cpp">
			<Option target="run"/>
		</Unit>
		<Unit filename="/home/swh/桌面/MyProgram/MatchingAlgorithmsComparison/HEM2.h">
			<Option target="run"/>
		</Unit>
		<Unit filename="/home/swh/桌面/MyProgram/MatchingAlgorithmsComparison/HEM3.cpp">
			<Option target="run"/>
		</Unit>
		<Unit filename="/home/swh/桌面/MyProgram/MatchingAlgorithmsComparison/HEM3.h">
			<Option target="run"/>
		</Unit>
		<Unit filename="/home/swh/桌面/MyProgram/MatchingAlgorithmsComparison/HEM4.cpp">
			<Option target="run"/>
		</Unit>
		<Unit filename="/home/swh/桌面/MyProgram/MatchingAlgorithmsComparison/HEM4.h">
			<Option target="run"/>
		</Unit>
		<Unit filename="/home/swh/桌面/MyProgram/MatchingAlgorithmsComparison/HEM5.cpp">
			<Option target="run"/>
		</Unit>
		<Unit filename="/home/swh/桌面/MyProgram/MatchingAlgorithmsComparison/HEM5.h">
			<Option target="run"/>
		</Unit>
		<Unit filename="/home/swh/桌面/MyProgram/MatchingAlgorithmsComparison/HEM5_avxOR.cpp">
			<Option target="run"/>
		</Unit>
		<Unit filename="/home/swh/桌面/MyProgram/MatchingAlgorithmsComparison/HEM5_avxOR.h">
			<Option target="run"/>
		</Unit>
		<Unit filename="/home/swh/桌面/MyProgram/MatchingAlgorithmsComparison/HEMSC.cpp">
			<Option target="run"/>
		</Unit>
		<Unit filename="/home/swh/桌面/MyProgram/MatchingAlgorithmsComparison/HEMSC.h">
			<Option target="run"/>
		</Unit>
		<Unit filename="/home/swh/桌面/MyProgram/MatchingAlgorithmsComparison/HEMSR.cpp">
			<Option target="run"/>
		</Unit>
		<Unit filename="/home/swh/桌面/MyProgram/MatchingAlgorithmsComparison/HEMSR.h">
			<Option target="run"/>
		</Unit>
		<Unit filename="/home/swh/桌面/MyProgram/MatchingAlgorithmsComparison/OpIndex.cpp">
			<Option target="run"/>
		</Unit>
		<Unit filename="/home/swh/桌面/MyProgram/MatchingAlgorithmsComparison/OpIndex.h">
			<Option target="run"/>
		</Unit>
		<Unit filename="/home/swh/桌面/MyProgram/MatchingAlgorithmsComparison/PSTree.cpp">
			<Option target="run"/>
		</Unit>
		<Unit filename="/home/swh/桌面/MyProgram/MatchingAlgorithmsComparison/PSTree.h">
			<Option target="run"/>
		</Unit>
		<Unit filename="/home/swh/桌面/MyProgram/MatchingAlgorithmsComparison/Rein.cpp">
			<Option target="run"/>
		</Unit>
		<Unit filename="/home/swh/桌面/MyProgram/MatchingAlgorithmsComparison/Rein.h">
			<Option target="run"/>
		</Unit>
		<Unit filename="/home/swh/桌面/MyProgram/MatchingAlgorithmsComparison/Simple.cpp">
			<Option target="run"/>
		</Unit>
		<Unit filename="/home/swh/桌面/MyProgram/MatchingAlgorithmsComparison/Simple.h">
			<Option target="run"/>
		</Unit>
		<Unit filename="/home/swh/桌面/MyProgram/MatchingAlgorithmsComparison/Simple2.cpp">
			<Option target="run"/>
		</Unit>
		<Unit filename="/home/swh/桌面/MyProgram/MatchingAlgorithmsComparison/Simple2.h">
			<Option target="run"/>
		</Unit>
		<Unit filename="/home/swh/桌面/MyProgram/MatchingAlgorithmsComparison/Tama.cpp">
			<Option target="run"/>
		</Unit>
		<Unit filename="/home/swh/桌面/MyProgram/MatchingAlgorithmsComparison/Tama.h">
			<Option target="run"/>
		</Unit>
		<Unit filename="/home/swh/桌面/MyProgram/MatchingAlgorithmsComparison/bTama.cpp">
			<Option target="run"/>
		</Unit>
		<Unit filename="/home/swh/桌面/MyProgram/MatchingAlgorithmsComparison/bTama.h">
			<Option target="run"/>
		</Unit>
		<Unit filename="/home/swh/桌面/MyProgram/MatchingAlgorithmsComparison/constant.cpp">
			<Option target="run"/>
		</Unit>
		<Unit filename="/home/swh/桌面/MyProgram/MatchingAlgorithmsComparison/constant.h">
			<Option target="run"/>
		</Unit>
		<Unit filename="/home/swh/桌面/MyProgram/MatchingAlgorithmsComparison/generator.cpp">
			<Option target="run"/>
		</Unit>
		<Unit filename="/home/swh/桌面/MyProgram/MatchingAlgorithmsComparison/generator.h">
			<Option target="run"/>
		</Unit>
		<Unit filename="/home/swh/桌面/MyProgram/MatchingAlgorithmsComparison/main.cpp">
			<Option target="run"/>
		</Unit>
		<Unit filename="/home/swh/桌面/MyProgram/MatchingAlgorithmsComparison/pRein.cpp">
			<Option target="run"/>
		</Unit>
		<Unit filename="/home/swh/桌面/MyProgram/MatchingAlgorithmsComparison/pRein.h">
			<Option target="run"/>
		</Unit>
		<Unit filename="/home/swh/桌面/MyProgram/MatchingAlgorithmsComparison/printer.cpp">
			<Option target="run"/>
		</Unit>
		<Unit filename="/home/swh/桌面/MyProgram/MatchingAlgorithmsComparison/printer.h">
			<Option target="run"/>
		</Unit>
		<Unit filename="/home/swh/桌面/MyProgram/MatchingAlgorithmsComparison/run_models.cpp">
			<Option target="run"/>
		</Unit>
		<Unit filename="/home/swh/桌面/MyProgram/MatchingAlgorithmsComparison/run_models.h">
			<Option target="run"/>
		</Unit>
		<Unit filename="/home/swh/桌面/MyProgram/MatchingAlgorithmsComparison/test.cpp">
			<Option target="run"/>
		</Unit>
		<Unit filename="/home/swh/桌面/MyProgram/MatchingAlgorithmsComparison/util.cpp">
			<Option target="run"/>
		</Unit>
		<Unit filename="/home/swh/桌面/MyProgram/MatchingAlgorithmsComparison/util.h">
			<Option target="run"/>
		</Unit>
		<Unit filename="/home/swh/桌面/MyProgram/MatchingAlgorithmsComparison/CMakeLists.txt">
			<Option virtualFolder="CMake Files\"/>
		</Unit>
	</Project>
</CodeBlocks_project_file>
