<?xml version="1.0" encoding="UTF-8"?>
<CodeBlocks_project_file>
	<FileVersion major="1" minor="6"/>
	<Project>
		<Option title="MAC"/>
		<Option makefile_is_custom="1"/>
		<Option compiler="gcc"/>
		<Option virtualFolders="CMake Files\;"/>
		<Build>
			<Target title="all">
				<Option working_dir="D:/codes/c++/Rein-Bits/HEM"/>
				<Option type="4"/>
				<MakeCommands>
					<Build command="D:/CodeBlocks/MinGW/bin/mingw32-make.exe -f &quot;D:/codes/c++/Rein-Bits/HEM/Makefile&quot;  VERBOSE=1 all"/>
					<CompileFile command="D:/CodeBlocks/MinGW/bin/mingw32-make.exe -f &quot;D:/codes/c++/Rein-Bits/HEM/Makefile&quot;  VERBOSE=1 &quot;$file&quot;"/>
					<Clean command="D:/CodeBlocks/MinGW/bin/mingw32-make.exe -f &quot;D:/codes/c++/Rein-Bits/HEM/Makefile&quot;  VERBOSE=1 clean"/>
					<DistClean command="D:/CodeBlocks/MinGW/bin/mingw32-make.exe -f &quot;D:/codes/c++/Rein-Bits/HEM/Makefile&quot;  VERBOSE=1 clean"/>
				</MakeCommands>
			</Target>
			<Target title="run">
				<Option output="D:/codes/c++/Rein-Bits/HEM/run.exe" prefix_auto="0" extension_auto="0"/>
				<Option working_dir="D:/codes/c++/Rein-Bits/HEM"/>
				<Option object_output="./"/>
				<Option type="1"/>
				<Option compiler="gcc"/>
				<Compiler>
					<Add directory="D:/MSYS2/mingw64/bin/../lib/gcc/x86_64-w64-mingw32/10.3.0/../../../../include/c++/10.3.0"/>
					<Add directory="D:/MSYS2/mingw64/bin/../lib/gcc/x86_64-w64-mingw32/10.3.0/../../../../include/c++/10.3.0/x86_64-w64-mingw32"/>
					<Add directory="D:/MSYS2/mingw64/bin/../lib/gcc/x86_64-w64-mingw32/10.3.0/../../../../include/c++/10.3.0/backward"/>
					<Add directory="D:/MSYS2/mingw64/bin/../lib/gcc/x86_64-w64-mingw32/10.3.0/include"/>
					<Add directory="D:/MSYS2/mingw64/bin/../lib/gcc/x86_64-w64-mingw32/10.3.0/../../../../include"/>
					<Add directory="D:/MSYS2/mingw64/bin/../lib/gcc/x86_64-w64-mingw32/10.3.0/include-fixed"/>
					<Add directory="D:/MSYS2/mingw64/bin/../lib/gcc/x86_64-w64-mingw32/10.3.0/../../../../x86_64-w64-mingw32/include"/>
				</Compiler>
				<MakeCommands>
					<Build command="D:/CodeBlocks/MinGW/bin/mingw32-make.exe -f &quot;D:/codes/c++/Rein-Bits/HEM/Makefile&quot;  VERBOSE=1 run"/>
					<CompileFile command="D:/CodeBlocks/MinGW/bin/mingw32-make.exe -f &quot;D:/codes/c++/Rein-Bits/HEM/Makefile&quot;  VERBOSE=1 &quot;$file&quot;"/>
					<Clean command="D:/CodeBlocks/MinGW/bin/mingw32-make.exe -f &quot;D:/codes/c++/Rein-Bits/HEM/Makefile&quot;  VERBOSE=1 clean"/>
					<DistClean command="D:/CodeBlocks/MinGW/bin/mingw32-make.exe -f &quot;D:/codes/c++/Rein-Bits/HEM/Makefile&quot;  VERBOSE=1 clean"/>
				</MakeCommands>
			</Target>
			<Target title="run/fast">
				<Option output="D:/codes/c++/Rein-Bits/HEM/run.exe" prefix_auto="0" extension_auto="0"/>
				<Option working_dir="D:/codes/c++/Rein-Bits/HEM"/>
				<Option object_output="./"/>
				<Option type="1"/>
				<Option compiler="gcc"/>
				<Compiler>
					<Add directory="D:/MSYS2/mingw64/bin/../lib/gcc/x86_64-w64-mingw32/10.3.0/../../../../include/c++/10.3.0"/>
					<Add directory="D:/MSYS2/mingw64/bin/../lib/gcc/x86_64-w64-mingw32/10.3.0/../../../../include/c++/10.3.0/x86_64-w64-mingw32"/>
					<Add directory="D:/MSYS2/mingw64/bin/../lib/gcc/x86_64-w64-mingw32/10.3.0/../../../../include/c++/10.3.0/backward"/>
					<Add directory="D:/MSYS2/mingw64/bin/../lib/gcc/x86_64-w64-mingw32/10.3.0/include"/>
					<Add directory="D:/MSYS2/mingw64/bin/../lib/gcc/x86_64-w64-mingw32/10.3.0/../../../../include"/>
					<Add directory="D:/MSYS2/mingw64/bin/../lib/gcc/x86_64-w64-mingw32/10.3.0/include-fixed"/>
					<Add directory="D:/MSYS2/mingw64/bin/../lib/gcc/x86_64-w64-mingw32/10.3.0/../../../../x86_64-w64-mingw32/include"/>
				</Compiler>
				<MakeCommands>
					<Build command="D:/CodeBlocks/MinGW/bin/mingw32-make.exe -f &quot;D:/codes/c++/Rein-Bits/HEM/Makefile&quot;  VERBOSE=1 run/fast"/>
					<CompileFile command="D:/CodeBlocks/MinGW/bin/mingw32-make.exe -f &quot;D:/codes/c++/Rein-Bits/HEM/Makefile&quot;  VERBOSE=1 &quot;$file&quot;"/>
					<Clean command="D:/CodeBlocks/MinGW/bin/mingw32-make.exe -f &quot;D:/codes/c++/Rein-Bits/HEM/Makefile&quot;  VERBOSE=1 clean"/>
					<DistClean command="D:/CodeBlocks/MinGW/bin/mingw32-make.exe -f &quot;D:/codes/c++/Rein-Bits/HEM/Makefile&quot;  VERBOSE=1 clean"/>
				</MakeCommands>
			</Target>
			<Target title="edit_cache">
				<Option working_dir="D:/codes/c++/Rein-Bits/HEM"/>
				<Option type="4"/>
				<MakeCommands>
					<Build command="D:/CodeBlocks/MinGW/bin/mingw32-make.exe -f &quot;D:/codes/c++/Rein-Bits/HEM/Makefile&quot;  VERBOSE=1 edit_cache"/>
					<CompileFile command="D:/CodeBlocks/MinGW/bin/mingw32-make.exe -f &quot;D:/codes/c++/Rein-Bits/HEM/Makefile&quot;  VERBOSE=1 &quot;$file&quot;"/>
					<Clean command="D:/CodeBlocks/MinGW/bin/mingw32-make.exe -f &quot;D:/codes/c++/Rein-Bits/HEM/Makefile&quot;  VERBOSE=1 clean"/>
					<DistClean command="D:/CodeBlocks/MinGW/bin/mingw32-make.exe -f &quot;D:/codes/c++/Rein-Bits/HEM/Makefile&quot;  VERBOSE=1 clean"/>
				</MakeCommands>
			</Target>
			<Target title="rebuild_cache">
				<Option working_dir="D:/codes/c++/Rein-Bits/HEM"/>
				<Option type="4"/>
				<MakeCommands>
					<Build command="D:/CodeBlocks/MinGW/bin/mingw32-make.exe -f &quot;D:/codes/c++/Rein-Bits/HEM/Makefile&quot;  VERBOSE=1 rebuild_cache"/>
					<CompileFile command="D:/CodeBlocks/MinGW/bin/mingw32-make.exe -f &quot;D:/codes/c++/Rein-Bits/HEM/Makefile&quot;  VERBOSE=1 &quot;$file&quot;"/>
					<Clean command="D:/CodeBlocks/MinGW/bin/mingw32-make.exe -f &quot;D:/codes/c++/Rein-Bits/HEM/Makefile&quot;  VERBOSE=1 clean"/>
					<DistClean command="D:/CodeBlocks/MinGW/bin/mingw32-make.exe -f &quot;D:/codes/c++/Rein-Bits/HEM/Makefile&quot;  VERBOSE=1 clean"/>
				</MakeCommands>
			</Target>
		</Build>
		<Unit filename="D:/codes/c++/Rein-Bits/HEM/AWBTree.cpp">
			<Option target="run"/>
		</Unit>
		<Unit filename="D:/codes/c++/Rein-Bits/HEM/AWBTree.h">
			<Option target="run"/>
		</Unit>
		<Unit filename="D:/codes/c++/Rein-Bits/HEM/AdaRein.cpp">
			<Option target="run"/>
		</Unit>
		<Unit filename="D:/codes/c++/Rein-Bits/HEM/AdaRein.h">
			<Option target="run"/>
		</Unit>
		<Unit filename="D:/codes/c++/Rein-Bits/HEM/BGTree.cpp">
			<Option target="run"/>
		</Unit>
		<Unit filename="D:/codes/c++/Rein-Bits/HEM/BGTree.h">
			<Option target="run"/>
		</Unit>
		<Unit filename="D:/codes/c++/Rein-Bits/HEM/BGTree_d.cpp">
			<Option target="run"/>
		</Unit>
		<Unit filename="D:/codes/c++/Rein-Bits/HEM/BGTree_d.h">
			<Option target="run"/>
		</Unit>
		<Unit filename="D:/codes/c++/Rein-Bits/HEM/BGTree_d_vrs.cpp">
			<Option target="run"/>
		</Unit>
		<Unit filename="D:/codes/c++/Rein-Bits/HEM/BGTree_d_vrs.h">
			<Option target="run"/>
		</Unit>
		<Unit filename="D:/codes/c++/Rein-Bits/HEM/HEM.cpp">
			<Option target="run"/>
		</Unit>
		<Unit filename="D:/codes/c++/Rein-Bits/HEM/HEM.h">
			<Option target="run"/>
		</Unit>
		<Unit filename="D:/codes/c++/Rein-Bits/HEM/HEM1.cpp">
			<Option target="run"/>
		</Unit>
		<Unit filename="D:/codes/c++/Rein-Bits/HEM/HEM1.h">
			<Option target="run"/>
		</Unit>
		<Unit filename="D:/codes/c++/Rein-Bits/HEM/HEM2.cpp">
			<Option target="run"/>
		</Unit>
		<Unit filename="D:/codes/c++/Rein-Bits/HEM/HEM2.h">
			<Option target="run"/>
		</Unit>
		<Unit filename="D:/codes/c++/Rein-Bits/HEM/HEM3.cpp">
			<Option target="run"/>
		</Unit>
		<Unit filename="D:/codes/c++/Rein-Bits/HEM/HEM3.h">
			<Option target="run"/>
		</Unit>
		<Unit filename="D:/codes/c++/Rein-Bits/HEM/HEM4.cpp">
			<Option target="run"/>
		</Unit>
		<Unit filename="D:/codes/c++/Rein-Bits/HEM/HEM4.h">
			<Option target="run"/>
		</Unit>
		<Unit filename="D:/codes/c++/Rein-Bits/HEM/HEM5.cpp">
			<Option target="run"/>
		</Unit>
		<Unit filename="D:/codes/c++/Rein-Bits/HEM/HEM5.h">
			<Option target="run"/>
		</Unit>
		<Unit filename="D:/codes/c++/Rein-Bits/HEM/HEM5_AS.cpp">
			<Option target="run"/>
		</Unit>
		<Unit filename="D:/codes/c++/Rein-Bits/HEM/HEM5_AS.h">
			<Option target="run"/>
		</Unit>
		<Unit filename="D:/codes/c++/Rein-Bits/HEM/HEM5_avxOR.cpp">
			<Option target="run"/>
		</Unit>
		<Unit filename="D:/codes/c++/Rein-Bits/HEM/HEM5_avxOR.h">
			<Option target="run"/>
		</Unit>
		<Unit filename="D:/codes/c++/Rein-Bits/HEM/HEMSC.cpp">
			<Option target="run"/>
		</Unit>
		<Unit filename="D:/codes/c++/Rein-Bits/HEM/HEMSC.h">
			<Option target="run"/>
		</Unit>
		<Unit filename="D:/codes/c++/Rein-Bits/HEM/HEMSR.cpp">
			<Option target="run"/>
		</Unit>
		<Unit filename="D:/codes/c++/Rein-Bits/HEM/HEMSR.h">
			<Option target="run"/>
		</Unit>
		<Unit filename="D:/codes/c++/Rein-Bits/HEM/OpIndex.cpp">
			<Option target="run"/>
		</Unit>
		<Unit filename="D:/codes/c++/Rein-Bits/HEM/OpIndex.h">
			<Option target="run"/>
		</Unit>
		<Unit filename="D:/codes/c++/Rein-Bits/HEM/PSTree.cpp">
			<Option target="run"/>
		</Unit>
		<Unit filename="D:/codes/c++/Rein-Bits/HEM/PSTree.h">
			<Option target="run"/>
		</Unit>
		<Unit filename="D:/codes/c++/Rein-Bits/HEM/Rein.cpp">
			<Option target="run"/>
		</Unit>
		<Unit filename="D:/codes/c++/Rein-Bits/HEM/Rein.h">
			<Option target="run"/>
		</Unit>
		<Unit filename="D:/codes/c++/Rein-Bits/HEM/Simple.cpp">
			<Option target="run"/>
		</Unit>
		<Unit filename="D:/codes/c++/Rein-Bits/HEM/Simple.h">
			<Option target="run"/>
		</Unit>
		<Unit filename="D:/codes/c++/Rein-Bits/HEM/Simple2.cpp">
			<Option target="run"/>
		</Unit>
		<Unit filename="D:/codes/c++/Rein-Bits/HEM/Simple2.h">
			<Option target="run"/>
		</Unit>
		<Unit filename="D:/codes/c++/Rein-Bits/HEM/Tama.cpp">
			<Option target="run"/>
		</Unit>
		<Unit filename="D:/codes/c++/Rein-Bits/HEM/Tama.h">
			<Option target="run"/>
		</Unit>
		<Unit filename="D:/codes/c++/Rein-Bits/HEM/ThreadPool.h">
			<Option target="run"/>
		</Unit>
		<Unit filename="D:/codes/c++/Rein-Bits/HEM/Util.cpp">
			<Option target="run"/>
		</Unit>
		<Unit filename="D:/codes/c++/Rein-Bits/HEM/Util.h">
			<Option target="run"/>
		</Unit>
		<Unit filename="D:/codes/c++/Rein-Bits/HEM/bTama.cpp">
			<Option target="run"/>
		</Unit>
		<Unit filename="D:/codes/c++/Rein-Bits/HEM/bTama.h">
			<Option target="run"/>
		</Unit>
		<Unit filename="D:/codes/c++/Rein-Bits/HEM/constant.cpp">
			<Option target="run"/>
		</Unit>
		<Unit filename="D:/codes/c++/Rein-Bits/HEM/constant.h">
			<Option target="run"/>
		</Unit>
		<Unit filename="D:/codes/c++/Rein-Bits/HEM/generator.cpp">
			<Option target="run"/>
		</Unit>
		<Unit filename="D:/codes/c++/Rein-Bits/HEM/generator.h">
			<Option target="run"/>
		</Unit>
		<Unit filename="D:/codes/c++/Rein-Bits/HEM/main.cpp">
			<Option target="run"/>
		</Unit>
		<Unit filename="D:/codes/c++/Rein-Bits/HEM/pRein.cpp">
			<Option target="run"/>
		</Unit>
		<Unit filename="D:/codes/c++/Rein-Bits/HEM/pRein.h">
			<Option target="run"/>
		</Unit>
		<Unit filename="D:/codes/c++/Rein-Bits/HEM/printer.cpp">
			<Option target="run"/>
		</Unit>
		<Unit filename="D:/codes/c++/Rein-Bits/HEM/printer.h">
			<Option target="run"/>
		</Unit>
		<Unit filename="D:/codes/c++/Rein-Bits/HEM/run_models.cpp">
			<Option target="run"/>
		</Unit>
		<Unit filename="D:/codes/c++/Rein-Bits/HEM/run_models.h">
			<Option target="run"/>
		</Unit>
		<Unit filename="D:/codes/c++/Rein-Bits/HEM/test.cpp">
			<Option target="run"/>
		</Unit>
		<Unit filename="D:/codes/c++/Rein-Bits/HEM/thpool.cpp">
			<Option target="run"/>
		</Unit>
		<Unit filename="D:/codes/c++/Rein-Bits/HEM/thpool.h">
			<Option target="run"/>
		</Unit>
		<Unit filename="D:/codes/c++/Rein-Bits/HEM/CMakeLists.txt">
			<Option virtualFolder="CMake Files\"/>
		</Unit>
	</Project>
</CodeBlocks_project_file>
